PODS:
  - Alamofire (5.4.1)
  - Kingfisher (6.0.1)
  - SwiftLint (0.42.0)

DEPENDENCIES:
  - Alamofire (~> 5.4)
  - Kingfisher (~> 6.0)
  - SwiftLint (~> 0.42)

SPEC REPOS:
  trunk:
    - Alamofire
    - Kingfisher
    - SwiftLint

SPEC CHECKSUMS:
  Alamofire: 2291f7d21ca607c491dd17642e5d40fdcda0e65c
  Kingfisher: adde87a4f74f6a3845395769354efff593581740
  SwiftLint: 4fa9579c63416865179bc416f0a92d55f009600d

PODFILE CHECKSUM: 0a51b9230f9cb51fead4c1a939dac9d0403b86e5

COCOAPODS: 1.10.0
