PODS:
  - Alamofire (5.4.1)
  - Kingfisher (6.0.1)

DEPENDENCIES:
  - Alamofire (~> 5.4)
  - Kingfisher (~> 6.0)

SPEC REPOS:
  trunk:
    - Alamofire
    - Kingfisher

SPEC CHECKSUMS:
  Alamofire: 2291f7d21ca607c491dd17642e5d40fdcda0e65c
  Kingfisher: adde87a4f74f6a3845395769354efff593581740

PODFILE CHECKSUM: e9e6867b641aeb646063195ee1138a0d81a8546c

COCOAPODS: 1.10.0
